lockfileVersion: '9.0'

settings:
  autoInstallPeers: true
  excludeLinksFromLockfile: false

importers:

  .:
    dependencies:
      use-pubsub-js:
        specifier: file:..
        version: file:..(react@19.1.1)

packages:

  react@19.1.1:
    resolution: {integrity: sha512-w8nqGImo45dmMIfljjMwOGtbmC/mk4CMYhWIicdSflH91J9TyCyczcPFXJzrZ/ZXcgGRFeP6BU0BEJTw6tZdfQ==}
    engines: {node: '>=0.10.0'}

  use-pubsub-js@file:..:
    resolution: {directory: .., type: directory}
    engines: {node: '>=18'}
    peerDependencies:
      react: '>=18.0.0'

snapshots:

  react@19.1.1: {}

  use-pubsub-js@file:..(react@19.1.1):
    dependencies:
      react: 19.1.1
